
Microsoft Visual Studio Solution File, Format Version 12.00
# Visual Studio Version 16
VisualStudioVersion = 16.0.29411.108
MinimumVisualStudioVersion = 10.0.40219.1
Project("{FAE04EC0-301F-11D3-BF4B-00C04F79EFBC}") = "SogetiWebApplication2.0", "SogetiWebApplication2.0\SogetiWebApplication2.0.csproj", "{26AC8DF0-1B95-4505-B46B-1A7BB35B792F}"
EndProject
Global
	GlobalSection(SolutionConfigurationPlatforms) = preSolution
		Debug|Any CPU = Debug|Any CPU
		Release|Any CPU = Release|Any CPU
	EndGlobalSection
	GlobalSection(ProjectConfigurationPlatforms) = postSolution
		{26AC8DF0-1B95-4505-B46B-1A7BB35B792F}.Debug|Any CPU.ActiveCfg = Debug|Any CPU
		{26AC8DF0-1B95-4505-B46B-1A7BB35B792F}.Debug|Any CPU.Build.0 = Debug|Any CPU
		{26AC8DF0-1B95-4505-B46B-1A7BB35B792F}.Release|Any CPU.ActiveCfg = Release|Any CPU
		{26AC8DF0-1B95-4505-B46B-1A7BB35B792F}.Release|Any CPU.Build.0 = Release|Any CPU
	EndGlobalSection
	GlobalSection(SolutionProperties) = preSolution
		HideSolutionNode = FALSE
	EndGlobalSection
	GlobalSection(ExtensibilityGlobals) = postSolution
		SolutionGuid = {FDA24FA8-5B81-4CFC-BA15-84EDC3FCE9F4}
	EndGlobalSection
EndGlobal
